
Microsoft Visual Studio Solution File, Format Version 12.00
# Visual Studio Version 17
VisualStudioVersion = 17.3.32929.385
MinimumVisualStudioVersion = 10.0.40219.1
Project("{FAE04EC0-301F-11D3-BF4B-00C04F79EFBC}") = "HouseRentingSystem.Web", "HouseRentingSystem\HouseRentingSystem.Web.csproj", "{3D2C28BC-C15E-46F6-90F3-30B97CE544B9}"
EndProject
Project("{FAE04EC0-301F-11D3-BF4B-00C04F79EFBC}") = "HouseRentingSystem.Core", "HouseRentingSystem.Core\HouseRentingSystem.Core.csproj", "{FFCC6C45-54F4-4540-B1CF-2EB540738739}"
EndProject
Project("{FAE04EC0-301F-11D3-BF4B-00C04F79EFBC}") = "HouseRentingSystem.Infrastructure", "HouseRentingSystem.Infrastructure\HouseRentingSystem.Infrastructure.csproj", "{209FE456-A2A8-414E-9770-3DBAEA436B06}"
EndProject
Global
	GlobalSection(SolutionConfigurationPlatforms) = preSolution
		Debug|Any CPU = Debug|Any CPU
		Release|Any CPU = Release|Any CPU
	EndGlobalSection
	GlobalSection(ProjectConfigurationPlatforms) = postSolution
		{3D2C28BC-C15E-46F6-90F3-30B97CE544B9}.Debug|Any CPU.ActiveCfg = Debug|Any CPU
		{3D2C28BC-C15E-46F6-90F3-30B97CE544B9}.Debug|Any CPU.Build.0 = Debug|Any CPU
		{3D2C28BC-C15E-46F6-90F3-30B97CE544B9}.Release|Any CPU.ActiveCfg = Release|Any CPU
		{3D2C28BC-C15E-46F6-90F3-30B97CE544B9}.Release|Any CPU.Build.0 = Release|Any CPU
		{FFCC6C45-54F4-4540-B1CF-2EB540738739}.Debug|Any CPU.ActiveCfg = Debug|Any CPU
		{FFCC6C45-54F4-4540-B1CF-2EB540738739}.Debug|Any CPU.Build.0 = Debug|Any CPU
		{FFCC6C45-54F4-4540-B1CF-2EB540738739}.Release|Any CPU.ActiveCfg = Release|Any CPU
		{FFCC6C45-54F4-4540-B1CF-2EB540738739}.Release|Any CPU.Build.0 = Release|Any CPU
		{209FE456-A2A8-414E-9770-3DBAEA436B06}.Debug|Any CPU.ActiveCfg = Debug|Any CPU
		{209FE456-A2A8-414E-9770-3DBAEA436B06}.Debug|Any CPU.Build.0 = Debug|Any CPU
		{209FE456-A2A8-414E-9770-3DBAEA436B06}.Release|Any CPU.ActiveCfg = Release|Any CPU
		{209FE456-A2A8-414E-9770-3DBAEA436B06}.Release|Any CPU.Build.0 = Release|Any CPU
	EndGlobalSection
	GlobalSection(SolutionProperties) = preSolution
		HideSolutionNode = FALSE
	EndGlobalSection
	GlobalSection(ExtensibilityGlobals) = postSolution
		SolutionGuid = {D312C2BC-A574-4DF3-BC86-C6C5ABAAFC5A}
	EndGlobalSection
EndGlobal
